
Microsoft Visual Studio Solution File, Format Version 12.00
# Visual Studio 15
VisualStudioVersion = 15.0.26228.9
MinimumVisualStudioVersion = 10.0.40219.1
Project("{FAE04EC0-301F-11D3-BF4B-00C04F79EFBC}") = "BlogExamples.Core", "BlogExamples.Core\BlogExamples.Core.csproj", "{1AF2960D-F1A2-4069-A1B5-C756BDCF241F}"
EndProject
Project("{FAE04EC0-301F-11D3-BF4B-00C04F79EFBC}") = "BlogExamples.Tests", "BlogExamples.Tests\BlogExamples.Tests.csproj", "{DC8F8812-83EE-4399-8C5F-C7E6749E5C79}"
EndProject
Global
	GlobalSection(SolutionConfigurationPlatforms) = preSolution
		Debug|Any CPU = Debug|Any CPU
		Release|Any CPU = Release|Any CPU
	EndGlobalSection
	GlobalSection(ProjectConfigurationPlatforms) = postSolution
		{1AF2960D-F1A2-4069-A1B5-C756BDCF241F}.Debug|Any CPU.ActiveCfg = Debug|Any CPU
		{1AF2960D-F1A2-4069-A1B5-C756BDCF241F}.Debug|Any CPU.Build.0 = Debug|Any CPU
		{1AF2960D-F1A2-4069-A1B5-C756BDCF241F}.Release|Any CPU.ActiveCfg = Release|Any CPU
		{1AF2960D-F1A2-4069-A1B5-C756BDCF241F}.Release|Any CPU.Build.0 = Release|Any CPU
		{DC8F8812-83EE-4399-8C5F-C7E6749E5C79}.Debug|Any CPU.ActiveCfg = Debug|Any CPU
		{DC8F8812-83EE-4399-8C5F-C7E6749E5C79}.Debug|Any CPU.Build.0 = Debug|Any CPU
		{DC8F8812-83EE-4399-8C5F-C7E6749E5C79}.Release|Any CPU.ActiveCfg = Release|Any CPU
		{DC8F8812-83EE-4399-8C5F-C7E6749E5C79}.Release|Any CPU.Build.0 = Release|Any CPU
	EndGlobalSection
	GlobalSection(SolutionProperties) = preSolution
		HideSolutionNode = FALSE
	EndGlobalSection
EndGlobal
